
Microsoft Visual Studio Solution File, Format Version 12.00
# Visual Studio 14
VisualStudioVersion = 14.0.25420.1
MinimumVisualStudioVersion = 10.0.40219.1
Project("{FAE04EC0-301F-11D3-BF4B-00C04F79EFBC}") = "Tmp.GlassdoorApi", "Source\Tmp.GlassdoorApi\Tmp.GlassdoorApi.csproj", "{1A59BB4B-2AC6-4248-B2F1-B65AFC69FF91}"
EndProject
Project("{FAE04EC0-301F-11D3-BF4B-00C04F79EFBC}") = "Tmp.GlassdoorApi.Client", "Source\Tmp.GlassdoorApi.Client\Tmp.GlassdoorApi.Client.csproj", "{0A6795FE-FEF8-4225-BE2C-4F16439E5A7B}"
EndProject
Project("{FAE04EC0-301F-11D3-BF4B-00C04F79EFBC}") = "Tmp.GlassdoorApi.Client.UnitTests", "Tmp.GlassdoorApi.Client.UnitTests\Tmp.GlassdoorApi.Client.UnitTests.csproj", "{7DA4D02B-18D4-4471-A046-976495D09FC3}"
EndProject
Project("{2150E333-8FDC-42A3-9474-1A3956D46DE8}") = "Test", "Test", "{83CF26DD-CBB4-49FA-87FB-0AA425317DBF}"
EndProject
Global
	GlobalSection(SolutionConfigurationPlatforms) = preSolution
		Debug|Any CPU = Debug|Any CPU
		Release|Any CPU = Release|Any CPU
	EndGlobalSection
	GlobalSection(ProjectConfigurationPlatforms) = postSolution
		{1A59BB4B-2AC6-4248-B2F1-B65AFC69FF91}.Debug|Any CPU.ActiveCfg = Debug|Any CPU
		{1A59BB4B-2AC6-4248-B2F1-B65AFC69FF91}.Debug|Any CPU.Build.0 = Debug|Any CPU
		{1A59BB4B-2AC6-4248-B2F1-B65AFC69FF91}.Release|Any CPU.ActiveCfg = Release|Any CPU
		{1A59BB4B-2AC6-4248-B2F1-B65AFC69FF91}.Release|Any CPU.Build.0 = Release|Any CPU
		{0A6795FE-FEF8-4225-BE2C-4F16439E5A7B}.Debug|Any CPU.ActiveCfg = Debug|Any CPU
		{0A6795FE-FEF8-4225-BE2C-4F16439E5A7B}.Debug|Any CPU.Build.0 = Debug|Any CPU
		{0A6795FE-FEF8-4225-BE2C-4F16439E5A7B}.Release|Any CPU.ActiveCfg = Release|Any CPU
		{0A6795FE-FEF8-4225-BE2C-4F16439E5A7B}.Release|Any CPU.Build.0 = Release|Any CPU
		{7DA4D02B-18D4-4471-A046-976495D09FC3}.Debug|Any CPU.ActiveCfg = Debug|Any CPU
		{7DA4D02B-18D4-4471-A046-976495D09FC3}.Debug|Any CPU.Build.0 = Debug|Any CPU
		{7DA4D02B-18D4-4471-A046-976495D09FC3}.Release|Any CPU.ActiveCfg = Release|Any CPU
		{7DA4D02B-18D4-4471-A046-976495D09FC3}.Release|Any CPU.Build.0 = Release|Any CPU
	EndGlobalSection
	GlobalSection(SolutionProperties) = preSolution
		HideSolutionNode = FALSE
	EndGlobalSection
	GlobalSection(NestedProjects) = preSolution
		{7DA4D02B-18D4-4471-A046-976495D09FC3} = {83CF26DD-CBB4-49FA-87FB-0AA425317DBF}
	EndGlobalSection
EndGlobal
